// !$*UTF8*$!
{
	archiveVersion = 1;
	classes = {
	};
	objectVersion = 50;
	objects = {

/* Begin PBXBuildFile section */
		0270A0A023E097F000C43CC7 /* SettingsMenuPage.swift in Sources */ = {isa = PBXBuildFile; fileRef = 0270A09F23E097F000C43CC7 /* SettingsMenuPage.swift */; };
		0273913623E1B9AC002F06BF /* SeparatorData.swift in Sources */ = {isa = PBXBuildFile; fileRef = 0273913523E1B9AC002F06BF /* SeparatorData.swift */; };
		0273913A23E1BF23002F06BF /* AppStyle.swift in Sources */ = {isa = PBXBuildFile; fileRef = 0273913923E1BF23002F06BF /* AppStyle.swift */; };
		027B280623E135A900128B39 /* MainPage.swift in Sources */ = {isa = PBXBuildFile; fileRef = 027B280523E135A900128B39 /* MainPage.swift */; };
		02AEC52723E03E3A00EC96A5 /* AppDelegate.swift in Sources */ = {isa = PBXBuildFile; fileRef = 02AEC52623E03E3A00EC96A5 /* AppDelegate.swift */; };
		02AEC52923E03E3A00EC96A5 /* SceneDelegate.swift in Sources */ = {isa = PBXBuildFile; fileRef = 02AEC52823E03E3A00EC96A5 /* SceneDelegate.swift */; };
		02AEC52E23E03E3A00EC96A5 /* Main.storyboard in Resources */ = {isa = PBXBuildFile; fileRef = 02AEC52C23E03E3A00EC96A5 /* Main.storyboard */; };
		02AEC53023E03E3E00EC96A5 /* Assets.xcassets in Resources */ = {isa = PBXBuildFile; fileRef = 02AEC52F23E03E3E00EC96A5 /* Assets.xcassets */; };
		02AEC53323E03E3E00EC96A5 /* LaunchScreen.storyboard in Resources */ = {isa = PBXBuildFile; fileRef = 02AEC53123E03E3E00EC96A5 /* LaunchScreen.storyboard */; };
		02B5468123E16B4E00FD37DC /* DataProcessing.swift in Sources */ = {isa = PBXBuildFile; fileRef = 02B5468023E16B4E00FD37DC /* DataProcessing.swift */; };
		02B5468323E16ECB00FD37DC /* Separator.swift in Sources */ = {isa = PBXBuildFile; fileRef = 02B5468223E16ECB00FD37DC /* Separator.swift */; };
		02DEC6E723E17FE2006B17C1 /* CustomTableViewCell.swift in Sources */ = {isa = PBXBuildFile; fileRef = 02DEC6E623E17FE2006B17C1 /* CustomTableViewCell.swift */; };
/* End PBXBuildFile section */

/* Begin PBXFileReference section */
		0270A09F23E097F000C43CC7 /* SettingsMenuPage.swift */ = {isa = PBXFileReference; lastKnownFileType = sourcecode.swift; path = SettingsMenuPage.swift; sourceTree = "<group>"; };
		0273913523E1B9AC002F06BF /* SeparatorData.swift */ = {isa = PBXFileReference; lastKnownFileType = sourcecode.swift; path = SeparatorData.swift; sourceTree = "<group>"; };
		0273913923E1BF23002F06BF /* AppStyle.swift */ = {isa = PBXFileReference; lastKnownFileType = sourcecode.swift; path = AppStyle.swift; sourceTree = "<group>"; };
		027B280523E135A900128B39 /* MainPage.swift */ = {isa = PBXFileReference; lastKnownFileType = sourcecode.swift; path = MainPage.swift; sourceTree = "<group>"; };
		02AEC52323E03E3A00EC96A5 /* AutoPosSyFAD.app */ = {isa = PBXFileReference; explicitFileType = wrapper.application; includeInIndex = 0; path = AutoPosSyFAD.app; sourceTree = BUILT_PRODUCTS_DIR; };
		02AEC52623E03E3A00EC96A5 /* AppDelegate.swift */ = {isa = PBXFileReference; lastKnownFileType = sourcecode.swift; path = AppDelegate.swift; sourceTree = "<group>"; };
		02AEC52823E03E3A00EC96A5 /* SceneDelegate.swift */ = {isa = PBXFileReference; lastKnownFileType = sourcecode.swift; path = SceneDelegate.swift; sourceTree = "<group>"; };
		02AEC52D23E03E3A00EC96A5 /* Base */ = {isa = PBXFileReference; lastKnownFileType = file.storyboard; name = Base; path = Base.lproj/Main.storyboard; sourceTree = "<group>"; };
		02AEC52F23E03E3E00EC96A5 /* Assets.xcassets */ = {isa = PBXFileReference; lastKnownFileType = folder.assetcatalog; path = Assets.xcassets; sourceTree = "<group>"; };
		02AEC53223E03E3E00EC96A5 /* Base */ = {isa = PBXFileReference; lastKnownFileType = file.storyboard; name = Base; path = Base.lproj/LaunchScreen.storyboard; sourceTree = "<group>"; };
		02AEC53423E03E3E00EC96A5 /* Info.plist */ = {isa = PBXFileReference; lastKnownFileType = text.plist.xml; path = Info.plist; sourceTree = "<group>"; };
		02B5468023E16B4E00FD37DC /* DataProcessing.swift */ = {isa = PBXFileReference; lastKnownFileType = sourcecode.swift; path = DataProcessing.swift; sourceTree = "<group>"; };
		02B5468223E16ECB00FD37DC /* Separator.swift */ = {isa = PBXFileReference; lastKnownFileType = sourcecode.swift; path = Separator.swift; sourceTree = "<group>"; };
		02DEC6E623E17FE2006B17C1 /* CustomTableViewCell.swift */ = {isa = PBXFileReference; lastKnownFileType = sourcecode.swift; path = CustomTableViewCell.swift; sourceTree = "<group>"; };
/* End PBXFileReference section */

/* Begin PBXFrameworksBuildPhase section */
		02AEC52023E03E3A00EC96A5 /* Frameworks */ = {
			isa = PBXFrameworksBuildPhase;
			buildActionMask = 2147483647;
			files = (
			);
			runOnlyForDeploymentPostprocessing = 0;
		};
/* End PBXFrameworksBuildPhase section */

/* Begin PBXGroup section */
		0273913B23E1BF29002F06BF /* Helpers */ = {
			isa = PBXGroup;
			children = (
				0273913923E1BF23002F06BF /* AppStyle.swift */,
			);
			path = Helpers;
			sourceTree = "<group>";
		};
		02AEC51A23E03E3A00EC96A5 = {
			isa = PBXGroup;
			children = (
				02AEC52523E03E3A00EC96A5 /* AutoPosSyFAD */,
				02AEC52423E03E3A00EC96A5 /* Products */,
			);
			sourceTree = "<group>";
		};
		02AEC52423E03E3A00EC96A5 /* Products */ = {
			isa = PBXGroup;
			children = (
				02AEC52323E03E3A00EC96A5 /* AutoPosSyFAD.app */,
			);
			name = Products;
			sourceTree = "<group>";
		};
		02AEC52523E03E3A00EC96A5 /* AutoPosSyFAD */ = {
			isa = PBXGroup;
			children = (
				02AEC53C23E03E5500EC96A5 /* Delegate */,
				0273913B23E1BF29002F06BF /* Helpers */,
				02AEC53A23E03E4400EC96A5 /* Model */,
				02AEC53B23E03E4A00EC96A5 /* ViewController */,
				02AEC53D23E03E6400EC96A5 /* Storyboard */,
				02AEC52F23E03E3E00EC96A5 /* Assets.xcassets */,
				02AEC53423E03E3E00EC96A5 /* Info.plist */,
			);
			path = AutoPosSyFAD;
			sourceTree = "<group>";
		};
		02AEC53A23E03E4400EC96A5 /* Model */ = {
			isa = PBXGroup;
			children = (
				02B5468223E16ECB00FD37DC /* Separator.swift */,
				0273913523E1B9AC002F06BF /* SeparatorData.swift */,
				02DEC6E623E17FE2006B17C1 /* CustomTableViewCell.swift */,
				02B5468023E16B4E00FD37DC /* DataProcessing.swift */,
			);
			path = Model;
			sourceTree = "<group>";
		};
		02AEC53B23E03E4A00EC96A5 /* ViewController */ = {
			isa = PBXGroup;
			children = (
				027B280523E135A900128B39 /* MainPage.swift */,
				0270A09F23E097F000C43CC7 /* SettingsMenuPage.swift */,
			);
			path = ViewController;
			sourceTree = "<group>";
		};
		02AEC53C23E03E5500EC96A5 /* Delegate */ = {
			isa = PBXGroup;
			children = (
				02AEC52623E03E3A00EC96A5 /* AppDelegate.swift */,
				02AEC52823E03E3A00EC96A5 /* SceneDelegate.swift */,
			);
			path = Delegate;
			sourceTree = "<group>";
		};
		02AEC53D23E03E6400EC96A5 /* Storyboard */ = {
			isa = PBXGroup;
			children = (
				02AEC52C23E03E3A00EC96A5 /* Main.storyboard */,
				02AEC53123E03E3E00EC96A5 /* LaunchScreen.storyboard */,
			);
			path = Storyboard;
			sourceTree = "<group>";
		};
/* End PBXGroup section */

/* Begin PBXNativeTarget section */
		02AEC52223E03E3A00EC96A5 /* AutoPosSyFAD */ = {
			isa = PBXNativeTarget;
			buildConfigurationList = 02AEC53723E03E3E00EC96A5 /* Build configuration list for PBXNativeTarget "AutoPosSyFAD" */;
			buildPhases = (
				02AEC51F23E03E3A00EC96A5 /* Sources */,
				02AEC52023E03E3A00EC96A5 /* Frameworks */,
				02AEC52123E03E3A00EC96A5 /* Resources */,
			);
			buildRules = (
			);
			dependencies = (
			);
			name = AutoPosSyFAD;
			productName = AutoPosSyFAD;
			productReference = 02AEC52323E03E3A00EC96A5 /* AutoPosSyFAD.app */;
			productType = "com.apple.product-type.application";
		};
/* End PBXNativeTarget section */

/* Begin PBXProject section */
		02AEC51B23E03E3A00EC96A5 /* Project object */ = {
			isa = PBXProject;
			attributes = {
				LastSwiftUpdateCheck = 1130;
				LastUpgradeCheck = 1130;
				ORGANIZATIONNAME = Madara2hor;
				TargetAttributes = {
					02AEC52223E03E3A00EC96A5 = {
						CreatedOnToolsVersion = 11.3.1;
					};
				};
			};
			buildConfigurationList = 02AEC51E23E03E3A00EC96A5 /* Build configuration list for PBXProject "AutoPosSyFAD" */;
			compatibilityVersion = "Xcode 9.3";
			developmentRegion = en;
			hasScannedForEncodings = 0;
			knownRegions = (
				en,
				Base,
			);
			mainGroup = 02AEC51A23E03E3A00EC96A5;
			productRefGroup = 02AEC52423E03E3A00EC96A5 /* Products */;
			projectDirPath = "";
			projectRoot = "";
			targets = (
				02AEC52223E03E3A00EC96A5 /* AutoPosSyFAD */,
			);
		};
/* End PBXProject section */

/* Begin PBXResourcesBuildPhase section */
		02AEC52123E03E3A00EC96A5 /* Resources */ = {
			isa = PBXResourcesBuildPhase;
			buildActionMask = 2147483647;
			files = (
				02AEC53323E03E3E00EC96A5 /* LaunchScreen.storyboard in Resources */,
				02AEC53023E03E3E00EC96A5 /* Assets.xcassets in Resources */,
				02AEC52E23E03E3A00EC96A5 /* Main.storyboard in Resources */,
			);
			runOnlyForDeploymentPostprocessing = 0;
		};
/* End PBXResourcesBuildPhase section */

/* Begin PBXSourcesBuildPhase section */
		02AEC51F23E03E3A00EC96A5 /* Sources */ = {
			isa = PBXSourcesBuildPhase;
			buildActionMask = 2147483647;
			files = (
				02AEC52723E03E3A00EC96A5 /* AppDelegate.swift in Sources */,
				02B5468123E16B4E00FD37DC /* DataProcessing.swift in Sources */,
				0270A0A023E097F000C43CC7 /* SettingsMenuPage.swift in Sources */,
				02B5468323E16ECB00FD37DC /* Separator.swift in Sources */,
				0273913623E1B9AC002F06BF /* SeparatorData.swift in Sources */,
				027B280623E135A900128B39 /* MainPage.swift in Sources */,
				0273913A23E1BF23002F06BF /* AppStyle.swift in Sources */,
				02DEC6E723E17FE2006B17C1 /* CustomTableViewCell.swift in Sources */,
				02AEC52923E03E3A00EC96A5 /* SceneDelegate.swift in Sources */,
			);
			runOnlyForDeploymentPostprocessing = 0;
		};
/* End PBXSourcesBuildPhase section */

/* Begin PBXVariantGroup section */
		02AEC52C23E03E3A00EC96A5 /* Main.storyboard */ = {
			isa = PBXVariantGroup;
			children = (
				02AEC52D23E03E3A00EC96A5 /* Base */,
			);
			name = Main.storyboard;
			sourceTree = "<group>";
		};
		02AEC53123E03E3E00EC96A5 /* LaunchScreen.storyboard */ = {
			isa = PBXVariantGroup;
			children = (
				02AEC53223E03E3E00EC96A5 /* Base */,
			);
			name = LaunchScreen.storyboard;
			sourceTree = "<group>";
		};
/* End PBXVariantGroup section */

/* Begin XCBuildConfiguration section */
		02AEC53523E03E3E00EC96A5 /* Debug */ = {
			isa = XCBuildConfiguration;
			buildSettings = {
				ALWAYS_SEARCH_USER_PATHS = NO;
				CLANG_ANALYZER_NONNULL = YES;
				CLANG_ANALYZER_NUMBER_OBJECT_CONVERSION = YES_AGGRESSIVE;
				CLANG_CXX_LANGUAGE_STANDARD = "gnu++14";
				CLANG_CXX_LIBRARY = "libc++";
				CLANG_ENABLE_MODULES = YES;
				CLANG_ENABLE_OBJC_ARC = YES;
				CLANG_ENABLE_OBJC_WEAK = YES;
				CLANG_WARN_BLOCK_CAPTURE_AUTORELEASING = YES;
				CLANG_WARN_BOOL_CONVERSION = YES;
				CLANG_WARN_COMMA = YES;
				CLANG_WARN_CONSTANT_CONVERSION = YES;
				CLANG_WARN_DEPRECATED_OBJC_IMPLEMENTATIONS = YES;
				CLANG_WARN_DIRECT_OBJC_ISA_USAGE = YES_ERROR;
				CLANG_WARN_DOCUMENTATION_COMMENTS = YES;
				CLANG_WARN_EMPTY_BODY = YES;
				CLANG_WARN_ENUM_CONVERSION = YES;
				CLANG_WARN_INFINITE_RECURSION = YES;
				CLANG_WARN_INT_CONVERSION = YES;
				CLANG_WARN_NON_LITERAL_NULL_CONVERSION = YES;
				CLANG_WARN_OBJC_IMPLICIT_RETAIN_SELF = YES;
				CLANG_WARN_OBJC_LITERAL_CONVERSION = YES;
				CLANG_WARN_OBJC_ROOT_CLASS = YES_ERROR;
				CLANG_WARN_RANGE_LOOP_ANALYSIS = YES;
				CLANG_WARN_STRICT_PROTOTYPES = YES;
				CLANG_WARN_SUSPICIOUS_MOVE = YES;
				CLANG_WARN_UNGUARDED_AVAILABILITY = YES_AGGRESSIVE;
				CLANG_WARN_UNREACHABLE_CODE = YES;
				CLANG_WARN__DUPLICATE_METHOD_MATCH = YES;
				COPY_PHASE_STRIP = NO;
				DEBUG_INFORMATION_FORMAT = dwarf;
				ENABLE_STRICT_OBJC_MSGSEND = YES;
				ENABLE_TESTABILITY = YES;
				GCC_C_LANGUAGE_STANDARD = gnu11;
				GCC_DYNAMIC_NO_PIC = NO;
				GCC_NO_COMMON_BLOCKS = YES;
				GCC_OPTIMIZATION_LEVEL = 0;
				GCC_PREPROCESSOR_DEFINITIONS = (
					"DEBUG=1",
					"$(inherited)",
				);
				GCC_WARN_64_TO_32_BIT_CONVERSION = YES;
				GCC_WARN_ABOUT_RETURN_TYPE = YES_ERROR;
				GCC_WARN_UNDECLARED_SELECTOR = YES;
				GCC_WARN_UNINITIALIZED_AUTOS = YES_AGGRESSIVE;
				GCC_WARN_UNUSED_FUNCTION = YES;
				GCC_WARN_UNUSED_VARIABLE = YES;
				IPHONEOS_DEPLOYMENT_TARGET = 13.2;
				MTL_ENABLE_DEBUG_INFO = INCLUDE_SOURCE;
				MTL_FAST_MATH = YES;
				ONLY_ACTIVE_ARCH = YES;
				SDKROOT = iphoneos;
				SWIFT_ACTIVE_COMPILATION_CONDITIONS = DEBUG;
				SWIFT_OPTIMIZATION_LEVEL = "-Onone";
			};
			name = Debug;
		};
		02AEC53623E03E3E00EC96A5 /* Release */ = {
			isa = XCBuildConfiguration;
			buildSettings = {
				ALWAYS_SEARCH_USER_PATHS = NO;
				CLANG_ANALYZER_NONNULL = YES;
				CLANG_ANALYZER_NUMBER_OBJECT_CONVERSION = YES_AGGRESSIVE;
				CLANG_CXX_LANGUAGE_STANDARD = "gnu++14";
				CLANG_CXX_LIBRARY = "libc++";
				CLANG_ENABLE_MODULES = YES;
				CLANG_ENABLE_OBJC_ARC = YES;
				CLANG_ENABLE_OBJC_WEAK = YES;
				CLANG_WARN_BLOCK_CAPTURE_AUTORELEASING = YES;
				CLANG_WARN_BOOL_CONVERSION = YES;
				CLANG_WARN_COMMA = YES;
				CLANG_WARN_CONSTANT_CONVERSION = YES;
				CLANG_WARN_DEPRECATED_OBJC_IMPLEMENTATIONS = YES;
				CLANG_WARN_DIRECT_OBJC_ISA_USAGE = YES_ERROR;
				CLANG_WARN_DOCUMENTATION_COMMENTS = YES;
				CLANG_WARN_EMPTY_BODY = YES;
				CLANG_WARN_ENUM_CONVERSION = YES;
				CLANG_WARN_INFINITE_RECURSION = YES;
				CLANG_WARN_INT_CONVERSION = YES;
				CLANG_WARN_NON_LITERAL_NULL_CONVERSION = YES;
				CLANG_WARN_OBJC_IMPLICIT_RETAIN_SELF = YES;
				CLANG_WARN_OBJC_LITERAL_CONVERSION = YES;
				CLANG_WARN_OBJC_ROOT_CLASS = YES_ERROR;
				CLANG_WARN_RANGE_LOOP_ANALYSIS = YES;
				CLANG_WARN_STRICT_PROTOTYPES = YES;
				CLANG_WARN_SUSPICIOUS_MOVE = YES;
				CLANG_WARN_UNGUARDED_AVAILABILITY = YES_AGGRESSIVE;
				CLANG_WARN_UNREACHABLE_CODE = YES;
				CLANG_WARN__DUPLICATE_METHOD_MATCH = YES;
				COPY_PHASE_STRIP = NO;
				DEBUG_INFORMATION_FORMAT = "dwarf-with-dsym";
				ENABLE_NS_ASSERTIONS = NO;
				ENABLE_STRICT_OBJC_MSGSEND = YES;
				GCC_C_LANGUAGE_STANDARD = gnu11;
				GCC_NO_COMMON_BLOCKS = YES;
				GCC_WARN_64_TO_32_BIT_CONVERSION = YES;
				GCC_WARN_ABOUT_RETURN_TYPE = YES_ERROR;
				GCC_WARN_UNDECLARED_SELECTOR = YES;
				GCC_WARN_UNINITIALIZED_AUTOS = YES_AGGRESSIVE;
				GCC_WARN_UNUSED_FUNCTION = YES;
				GCC_WARN_UNUSED_VARIABLE = YES;
				IPHONEOS_DEPLOYMENT_TARGET = 13.2;
				MTL_ENABLE_DEBUG_INFO = NO;
				MTL_FAST_MATH = YES;
				SDKROOT = iphoneos;
				SWIFT_COMPILATION_MODE = wholemodule;
				SWIFT_OPTIMIZATION_LEVEL = "-O";
				VALIDATE_PRODUCT = YES;
			};
			name = Release;
		};
		02AEC53823E03E3E00EC96A5 /* Debug */ = {
			isa = XCBuildConfiguration;
			buildSettings = {
				ASSETCATALOG_COMPILER_APPICON_NAME = AppIcon;
				CODE_SIGN_STYLE = Automatic;
				DEVELOPMENT_TEAM = BMB78SG67T;
				INFOPLIST_FILE = AutoPosSyFAD/Info.plist;
				LD_RUNPATH_SEARCH_PATHS = (
					"$(inherited)",
					"@executable_path/Frameworks",
				);
				PRODUCT_BUNDLE_IDENTIFIER = my.AutoPosSyFAD;
				PRODUCT_NAME = "$(TARGET_NAME)";
				SWIFT_VERSION = 5.0;
				TARGETED_DEVICE_FAMILY = "1,2";
			};
			name = Debug;
		};
		02AEC53923E03E3E00EC96A5 /* Release */ = {
			isa = XCBuildConfiguration;
			buildSettings = {
				ASSETCATALOG_COMPILER_APPICON_NAME = AppIcon;
				CODE_SIGN_STYLE = Automatic;
				DEVELOPMENT_TEAM = BMB78SG67T;
				INFOPLIST_FILE = AutoPosSyFAD/Info.plist;
				LD_RUNPATH_SEARCH_PATHS = (
					"$(inherited)",
					"@executable_path/Frameworks",
				);
				PRODUCT_BUNDLE_IDENTIFIER = my.AutoPosSyFAD;
				PRODUCT_NAME = "$(TARGET_NAME)";
				SWIFT_VERSION = 5.0;
				TARGETED_DEVICE_FAMILY = "1,2";
			};
			name = Release;
		};
/* End XCBuildConfiguration section */

/* Begin XCConfigurationList section */
		02AEC51E23E03E3A00EC96A5 /* Build configuration list for PBXProject "AutoPosSyFAD" */ = {
			isa = XCConfigurationList;
			buildConfigurations = (
				02AEC53523E03E3E00EC96A5 /* Debug */,
				02AEC53623E03E3E00EC96A5 /* Release */,
			);
			defaultConfigurationIsVisible = 0;
			defaultConfigurationName = Release;
		};
		02AEC53723E03E3E00EC96A5 /* Build configuration list for PBXNativeTarget "AutoPosSyFAD" */ = {
			isa = XCConfigurationList;
			buildConfigurations = (
				02AEC53823E03E3E00EC96A5 /* Debug */,
				02AEC53923E03E3E00EC96A5 /* Release */,
			);
			defaultConfigurationIsVisible = 0;
			defaultConfigurationName = Release;
		};
/* End XCConfigurationList section */
	};
	rootObject = 02AEC51B23E03E3A00EC96A5 /* Project object */;
}
