
Microsoft Visual Studio Solution File, Format Version 12.00
# Visual Studio Version 16
VisualStudioVersion = 16.0.29613.14
MinimumVisualStudioVersion = 10.0.40219.1
Project("{FAE04EC0-301F-11D3-BF4B-00C04F79EFBC}") = "VideoHandler", "VideoHandler\VideoHandler.csproj", "{372F790A-C6E9-4F08-9F46-ECA54F7AA139}"
EndProject
Project("{FAE04EC0-301F-11D3-BF4B-00C04F79EFBC}") = "WebServiceConnection", "WebServiceConnection\WebServiceConnection.csproj", "{8E754F1D-6755-4222-8A82-AF4D2BC6C227}"
EndProject
Project("{FAE04EC0-301F-11D3-BF4B-00C04F79EFBC}") = "DatabaseController", "DatabaseController\DatabaseController.csproj", "{33FC05CB-E8B9-4B5E-B3CA-8591A79745E7}"
EndProject
Project("{9A19103F-16F7-4668-BE54-9A1E7A4F7556}") = "DataControllerCore", "DataControllerCore\DataControllerCore.csproj", "{2811A75F-436F-47C1-8967-74310FF0AC5B}"
EndProject
Global
	GlobalSection(SolutionConfigurationPlatforms) = preSolution
		Debug|Any CPU = Debug|Any CPU
		Release|Any CPU = Release|Any CPU
	EndGlobalSection
	GlobalSection(ProjectConfigurationPlatforms) = postSolution
		{372F790A-C6E9-4F08-9F46-ECA54F7AA139}.Debug|Any CPU.ActiveCfg = Debug|Any CPU
		{372F790A-C6E9-4F08-9F46-ECA54F7AA139}.Debug|Any CPU.Build.0 = Debug|Any CPU
		{372F790A-C6E9-4F08-9F46-ECA54F7AA139}.Release|Any CPU.ActiveCfg = Release|Any CPU
		{372F790A-C6E9-4F08-9F46-ECA54F7AA139}.Release|Any CPU.Build.0 = Release|Any CPU
		{8E754F1D-6755-4222-8A82-AF4D2BC6C227}.Debug|Any CPU.ActiveCfg = Debug|Any CPU
		{8E754F1D-6755-4222-8A82-AF4D2BC6C227}.Debug|Any CPU.Build.0 = Debug|Any CPU
		{8E754F1D-6755-4222-8A82-AF4D2BC6C227}.Release|Any CPU.ActiveCfg = Release|Any CPU
		{8E754F1D-6755-4222-8A82-AF4D2BC6C227}.Release|Any CPU.Build.0 = Release|Any CPU
		{33FC05CB-E8B9-4B5E-B3CA-8591A79745E7}.Debug|Any CPU.ActiveCfg = Debug|Any CPU
		{33FC05CB-E8B9-4B5E-B3CA-8591A79745E7}.Debug|Any CPU.Build.0 = Debug|Any CPU
		{33FC05CB-E8B9-4B5E-B3CA-8591A79745E7}.Release|Any CPU.ActiveCfg = Release|Any CPU
		{33FC05CB-E8B9-4B5E-B3CA-8591A79745E7}.Release|Any CPU.Build.0 = Release|Any CPU
		{2811A75F-436F-47C1-8967-74310FF0AC5B}.Debug|Any CPU.ActiveCfg = Debug|Any CPU
		{2811A75F-436F-47C1-8967-74310FF0AC5B}.Debug|Any CPU.Build.0 = Debug|Any CPU
		{2811A75F-436F-47C1-8967-74310FF0AC5B}.Release|Any CPU.ActiveCfg = Release|Any CPU
		{2811A75F-436F-47C1-8967-74310FF0AC5B}.Release|Any CPU.Build.0 = Release|Any CPU
	EndGlobalSection
	GlobalSection(SolutionProperties) = preSolution
		HideSolutionNode = FALSE
	EndGlobalSection
	GlobalSection(ExtensibilityGlobals) = postSolution
		SolutionGuid = {5BA6E0F2-E5A4-41A8-B6B7-96BFF65A0476}
	EndGlobalSection
EndGlobal
